// !$*UTF8*$!
{
	archiveVersion = 1;
	classes = {
	};
	objectVersion = 46;
	objects = {

/* Begin PBXBuildFile section */
		8B728FBD1C6F74B00068A775 /* AppDelegate.swift in Sources */ = {isa = PBXBuildFile; fileRef = 8B728FBC1C6F74B00068A775 /* AppDelegate.swift */; };
		8B728FBF1C6F74B00068A775 /* ViewController.swift in Sources */ = {isa = PBXBuildFile; fileRef = 8B728FBE1C6F74B00068A775 /* ViewController.swift */; };
		8B728FC21C6F74B00068A775 /* Main.storyboard in Resources */ = {isa = PBXBuildFile; fileRef = 8B728FC01C6F74B00068A775 /* Main.storyboard */; };
		8B728FC41C6F74B00068A775 /* Assets.xcassets in Resources */ = {isa = PBXBuildFile; fileRef = 8B728FC31C6F74B00068A775 /* Assets.xcassets */; };
		8B728FC71C6F74B00068A775 /* LaunchScreen.storyboard in Resources */ = {isa = PBXBuildFile; fileRef = 8B728FC51C6F74B00068A775 /* LaunchScreen.storyboard */; };
		8B728FD21C6F74B10068A775 /* uploadimgtosmmstestTests.swift in Sources */ = {isa = PBXBuildFile; fileRef = 8B728FD11C6F74B10068A775 /* uploadimgtosmmstestTests.swift */; };
		8B728FDD1C6F74B10068A775 /* uploadimgtosmmstestUITests.swift in Sources */ = {isa = PBXBuildFile; fileRef = 8B728FDC1C6F74B10068A775 /* uploadimgtosmmstestUITests.swift */; };
/* End PBXBuildFile section */

/* Begin PBXContainerItemProxy section */
		8B728FCE1C6F74B10068A775 /* PBXContainerItemProxy */ = {
			isa = PBXContainerItemProxy;
			containerPortal = 8B728FB11C6F74B00068A775 /* Project object */;
			proxyType = 1;
			remoteGlobalIDString = 8B728FB81C6F74B00068A775;
			remoteInfo = uploadimgtosmmstest;
		};
		8B728FD91C6F74B10068A775 /* PBXContainerItemProxy */ = {
			isa = PBXContainerItemProxy;
			containerPortal = 8B728FB11C6F74B00068A775 /* Project object */;
			proxyType = 1;
			remoteGlobalIDString = 8B728FB81C6F74B00068A775;
			remoteInfo = uploadimgtosmmstest;
		};
/* End PBXContainerItemProxy section */

/* Begin PBXFileReference section */
		8B728FB91C6F74B00068A775 /* uploadimgtosmmstest.app */ = {isa = PBXFileReference; explicitFileType = wrapper.application; includeInIndex = 0; path = uploadimgtosmmstest.app; sourceTree = BUILT_PRODUCTS_DIR; };
		8B728FBC1C6F74B00068A775 /* AppDelegate.swift */ = {isa = PBXFileReference; lastKnownFileType = sourcecode.swift; path = AppDelegate.swift; sourceTree = "<group>"; };
		8B728FBE1C6F74B00068A775 /* ViewController.swift */ = {isa = PBXFileReference; lastKnownFileType = sourcecode.swift; path = ViewController.swift; sourceTree = "<group>"; };
		8B728FC11C6F74B00068A775 /* Base */ = {isa = PBXFileReference; lastKnownFileType = file.storyboard; name = Base; path = Base.lproj/Main.storyboard; sourceTree = "<group>"; };
		8B728FC31C6F74B00068A775 /* Assets.xcassets */ = {isa = PBXFileReference; lastKnownFileType = folder.assetcatalog; path = Assets.xcassets; sourceTree = "<group>"; };
		8B728FC61C6F74B00068A775 /* Base */ = {isa = PBXFileReference; lastKnownFileType = file.storyboard; name = Base; path = Base.lproj/LaunchScreen.storyboard; sourceTree = "<group>"; };
		8B728FC81C6F74B00068A775 /* Info.plist */ = {isa = PBXFileReference; lastKnownFileType = text.plist.xml; path = Info.plist; sourceTree = "<group>"; };
		8B728FCD1C6F74B10068A775 /* uploadimgtosmmstestTests.xctest */ = {isa = PBXFileReference; explicitFileType = wrapper.cfbundle; includeInIndex = 0; path = uploadimgtosmmstestTests.xctest; sourceTree = BUILT_PRODUCTS_DIR; };
		8B728FD11C6F74B10068A775 /* uploadimgtosmmstestTests.swift */ = {isa = PBXFileReference; lastKnownFileType = sourcecode.swift; path = uploadimgtosmmstestTests.swift; sourceTree = "<group>"; };
		8B728FD31C6F74B10068A775 /* Info.plist */ = {isa = PBXFileReference; lastKnownFileType = text.plist.xml; path = Info.plist; sourceTree = "<group>"; };
		8B728FD81C6F74B10068A775 /* uploadimgtosmmstestUITests.xctest */ = {isa = PBXFileReference; explicitFileType = wrapper.cfbundle; includeInIndex = 0; path = uploadimgtosmmstestUITests.xctest; sourceTree = BUILT_PRODUCTS_DIR; };
		8B728FDC1C6F74B10068A775 /* uploadimgtosmmstestUITests.swift */ = {isa = PBXFileReference; lastKnownFileType = sourcecode.swift; path = uploadimgtosmmstestUITests.swift; sourceTree = "<group>"; };
		8B728FDE1C6F74B10068A775 /* Info.plist */ = {isa = PBXFileReference; lastKnownFileType = text.plist.xml; path = Info.plist; sourceTree = "<group>"; };
/* End PBXFileReference section */

/* Begin PBXFrameworksBuildPhase section */
		8B728FB61C6F74B00068A775 /* Frameworks */ = {
			isa = PBXFrameworksBuildPhase;
			buildActionMask = 2147483647;
			files = (
			);
			runOnlyForDeploymentPostprocessing = 0;
		};
		8B728FCA1C6F74B10068A775 /* Frameworks */ = {
			isa = PBXFrameworksBuildPhase;
			buildActionMask = 2147483647;
			files = (
			);
			runOnlyForDeploymentPostprocessing = 0;
		};
		8B728FD51C6F74B10068A775 /* Frameworks */ = {
			isa = PBXFrameworksBuildPhase;
			buildActionMask = 2147483647;
			files = (
			);
			runOnlyForDeploymentPostprocessing = 0;
		};
/* End PBXFrameworksBuildPhase section */

/* Begin PBXGroup section */
		8B728FB01C6F74B00068A775 = {
			isa = PBXGroup;
			children = (
				8B728FBB1C6F74B00068A775 /* uploadimgtosmmstest */,
				8B728FD01C6F74B10068A775 /* uploadimgtosmmstestTests */,
				8B728FDB1C6F74B10068A775 /* uploadimgtosmmstestUITests */,
				8B728FBA1C6F74B00068A775 /* Products */,
			);
			sourceTree = "<group>";
		};
		8B728FBA1C6F74B00068A775 /* Products */ = {
			isa = PBXGroup;
			children = (
				8B728FB91C6F74B00068A775 /* uploadimgtosmmstest.app */,
				8B728FCD1C6F74B10068A775 /* uploadimgtosmmstestTests.xctest */,
				8B728FD81C6F74B10068A775 /* uploadimgtosmmstestUITests.xctest */,
			);
			name = Products;
			sourceTree = "<group>";
		};
		8B728FBB1C6F74B00068A775 /* uploadimgtosmmstest */ = {
			isa = PBXGroup;
			children = (
				8B728FBC1C6F74B00068A775 /* AppDelegate.swift */,
				8B728FBE1C6F74B00068A775 /* ViewController.swift */,
				8B728FC01C6F74B00068A775 /* Main.storyboard */,
				8B728FC31C6F74B00068A775 /* Assets.xcassets */,
				8B728FC51C6F74B00068A775 /* LaunchScreen.storyboard */,
				8B728FC81C6F74B00068A775 /* Info.plist */,
			);
			path = uploadimgtosmmstest;
			sourceTree = "<group>";
		};
		8B728FD01C6F74B10068A775 /* uploadimgtosmmstestTests */ = {
			isa = PBXGroup;
			children = (
				8B728FD11C6F74B10068A775 /* uploadimgtosmmstestTests.swift */,
				8B728FD31C6F74B10068A775 /* Info.plist */,
			);
			path = uploadimgtosmmstestTests;
			sourceTree = "<group>";
		};
		8B728FDB1C6F74B10068A775 /* uploadimgtosmmstestUITests */ = {
			isa = PBXGroup;
			children = (
				8B728FDC1C6F74B10068A775 /* uploadimgtosmmstestUITests.swift */,
				8B728FDE1C6F74B10068A775 /* Info.plist */,
			);
			path = uploadimgtosmmstestUITests;
			sourceTree = "<group>";
		};
/* End PBXGroup section */

/* Begin PBXNativeTarget section */
		8B728FB81C6F74B00068A775 /* uploadimgtosmmstest */ = {
			isa = PBXNativeTarget;
			buildConfigurationList = 8B728FE11C6F74B10068A775 /* Build configuration list for PBXNativeTarget "uploadimgtosmmstest" */;
			buildPhases = (
				8B728FB51C6F74B00068A775 /* Sources */,
				8B728FB61C6F74B00068A775 /* Frameworks */,
				8B728FB71C6F74B00068A775 /* Resources */,
			);
			buildRules = (
			);
			dependencies = (
			);
			name = uploadimgtosmmstest;
			productName = uploadimgtosmmstest;
			productReference = 8B728FB91C6F74B00068A775 /* uploadimgtosmmstest.app */;
			productType = "com.apple.product-type.application";
		};
		8B728FCC1C6F74B10068A775 /* uploadimgtosmmstestTests */ = {
			isa = PBXNativeTarget;
			buildConfigurationList = 8B728FE41C6F74B10068A775 /* Build configuration list for PBXNativeTarget "uploadimgtosmmstestTests" */;
			buildPhases = (
				8B728FC91C6F74B10068A775 /* Sources */,
				8B728FCA1C6F74B10068A775 /* Frameworks */,
				8B728FCB1C6F74B10068A775 /* Resources */,
			);
			buildRules = (
			);
			dependencies = (
				8B728FCF1C6F74B10068A775 /* PBXTargetDependency */,
			);
			name = uploadimgtosmmstestTests;
			productName = uploadimgtosmmstestTests;
			productReference = 8B728FCD1C6F74B10068A775 /* uploadimgtosmmstestTests.xctest */;
			productType = "com.apple.product-type.bundle.unit-test";
		};
		8B728FD71C6F74B10068A775 /* uploadimgtosmmstestUITests */ = {
			isa = PBXNativeTarget;
			buildConfigurationList = 8B728FE71C6F74B10068A775 /* Build configuration list for PBXNativeTarget "uploadimgtosmmstestUITests" */;
			buildPhases = (
				8B728FD41C6F74B10068A775 /* Sources */,
				8B728FD51C6F74B10068A775 /* Frameworks */,
				8B728FD61C6F74B10068A775 /* Resources */,
			);
			buildRules = (
			);
			dependencies = (
				8B728FDA1C6F74B10068A775 /* PBXTargetDependency */,
			);
			name = uploadimgtosmmstestUITests;
			productName = uploadimgtosmmstestUITests;
			productReference = 8B728FD81C6F74B10068A775 /* uploadimgtosmmstestUITests.xctest */;
			productType = "com.apple.product-type.bundle.ui-testing";
		};
/* End PBXNativeTarget section */

/* Begin PBXProject section */
		8B728FB11C6F74B00068A775 /* Project object */ = {
			isa = PBXProject;
			attributes = {
				LastSwiftUpdateCheck = 0720;
				LastUpgradeCheck = 0720;
				ORGANIZATIONNAME = "神楽坂紫";
				TargetAttributes = {
					8B728FB81C6F74B00068A775 = {
						CreatedOnToolsVersion = 7.2.1;
					};
					8B728FCC1C6F74B10068A775 = {
						CreatedOnToolsVersion = 7.2.1;
						TestTargetID = 8B728FB81C6F74B00068A775;
					};
					8B728FD71C6F74B10068A775 = {
						CreatedOnToolsVersion = 7.2.1;
						TestTargetID = 8B728FB81C6F74B00068A775;
					};
				};
			};
			buildConfigurationList = 8B728FB41C6F74B00068A775 /* Build configuration list for PBXProject "uploadimgtosmmstest" */;
			compatibilityVersion = "Xcode 3.2";
			developmentRegion = English;
			hasScannedForEncodings = 0;
			knownRegions = (
				en,
				Base,
			);
			mainGroup = 8B728FB01C6F74B00068A775;
			productRefGroup = 8B728FBA1C6F74B00068A775 /* Products */;
			projectDirPath = "";
			projectRoot = "";
			targets = (
				8B728FB81C6F74B00068A775 /* uploadimgtosmmstest */,
				8B728FCC1C6F74B10068A775 /* uploadimgtosmmstestTests */,
				8B728FD71C6F74B10068A775 /* uploadimgtosmmstestUITests */,
			);
		};
/* End PBXProject section */

/* Begin PBXResourcesBuildPhase section */
		8B728FB71C6F74B00068A775 /* Resources */ = {
			isa = PBXResourcesBuildPhase;
			buildActionMask = 2147483647;
			files = (
				8B728FC71C6F74B00068A775 /* LaunchScreen.storyboard in Resources */,
				8B728FC41C6F74B00068A775 /* Assets.xcassets in Resources */,
				8B728FC21C6F74B00068A775 /* Main.storyboard in Resources */,
			);
			runOnlyForDeploymentPostprocessing = 0;
		};
		8B728FCB1C6F74B10068A775 /* Resources */ = {
			isa = PBXResourcesBuildPhase;
			buildActionMask = 2147483647;
			files = (
			);
			runOnlyForDeploymentPostprocessing = 0;
		};
		8B728FD61C6F74B10068A775 /* Resources */ = {
			isa = PBXResourcesBuildPhase;
			buildActionMask = 2147483647;
			files = (
			);
			runOnlyForDeploymentPostprocessing = 0;
		};
/* End PBXResourcesBuildPhase section */

/* Begin PBXSourcesBuildPhase section */
		8B728FB51C6F74B00068A775 /* Sources */ = {
			isa = PBXSourcesBuildPhase;
			buildActionMask = 2147483647;
			files = (
				8B728FBF1C6F74B00068A775 /* ViewController.swift in Sources */,
				8B728FBD1C6F74B00068A775 /* AppDelegate.swift in Sources */,
			);
			runOnlyForDeploymentPostprocessing = 0;
		};
		8B728FC91C6F74B10068A775 /* Sources */ = {
			isa = PBXSourcesBuildPhase;
			buildActionMask = 2147483647;
			files = (
				8B728FD21C6F74B10068A775 /* uploadimgtosmmstestTests.swift in Sources */,
			);
			runOnlyForDeploymentPostprocessing = 0;
		};
		8B728FD41C6F74B10068A775 /* Sources */ = {
			isa = PBXSourcesBuildPhase;
			buildActionMask = 2147483647;
			files = (
				8B728FDD1C6F74B10068A775 /* uploadimgtosmmstestUITests.swift in Sources */,
			);
			runOnlyForDeploymentPostprocessing = 0;
		};
/* End PBXSourcesBuildPhase section */

/* Begin PBXTargetDependency section */
		8B728FCF1C6F74B10068A775 /* PBXTargetDependency */ = {
			isa = PBXTargetDependency;
			target = 8B728FB81C6F74B00068A775 /* uploadimgtosmmstest */;
			targetProxy = 8B728FCE1C6F74B10068A775 /* PBXContainerItemProxy */;
		};
		8B728FDA1C6F74B10068A775 /* PBXTargetDependency */ = {
			isa = PBXTargetDependency;
			target = 8B728FB81C6F74B00068A775 /* uploadimgtosmmstest */;
			targetProxy = 8B728FD91C6F74B10068A775 /* PBXContainerItemProxy */;
		};
/* End PBXTargetDependency section */

/* Begin PBXVariantGroup section */
		8B728FC01C6F74B00068A775 /* Main.storyboard */ = {
			isa = PBXVariantGroup;
			children = (
				8B728FC11C6F74B00068A775 /* Base */,
			);
			name = Main.storyboard;
			sourceTree = "<group>";
		};
		8B728FC51C6F74B00068A775 /* LaunchScreen.storyboard */ = {
			isa = PBXVariantGroup;
			children = (
				8B728FC61C6F74B00068A775 /* Base */,
			);
			name = LaunchScreen.storyboard;
			sourceTree = "<group>";
		};
/* End PBXVariantGroup section */

/* Begin XCBuildConfiguration section */
		8B728FDF1C6F74B10068A775 /* Debug */ = {
			isa = XCBuildConfiguration;
			buildSettings = {
				ALWAYS_SEARCH_USER_PATHS = NO;
				CLANG_CXX_LANGUAGE_STANDARD = "gnu++0x";
				CLANG_CXX_LIBRARY = "libc++";
				CLANG_ENABLE_MODULES = YES;
				CLANG_ENABLE_OBJC_ARC = YES;
				CLANG_WARN_BOOL_CONVERSION = YES;
				CLANG_WARN_CONSTANT_CONVERSION = YES;
				CLANG_WARN_DIRECT_OBJC_ISA_USAGE = YES_ERROR;
				CLANG_WARN_EMPTY_BODY = YES;
				CLANG_WARN_ENUM_CONVERSION = YES;
				CLANG_WARN_INT_CONVERSION = YES;
				CLANG_WARN_OBJC_ROOT_CLASS = YES_ERROR;
				CLANG_WARN_UNREACHABLE_CODE = YES;
				CLANG_WARN__DUPLICATE_METHOD_MATCH = YES;
				"CODE_SIGN_IDENTITY[sdk=iphoneos*]" = "iPhone Developer";
				COPY_PHASE_STRIP = NO;
				DEBUG_INFORMATION_FORMAT = dwarf;
				ENABLE_STRICT_OBJC_MSGSEND = YES;
				ENABLE_TESTABILITY = YES;
				GCC_C_LANGUAGE_STANDARD = gnu99;
				GCC_DYNAMIC_NO_PIC = NO;
				GCC_NO_COMMON_BLOCKS = YES;
				GCC_OPTIMIZATION_LEVEL = 0;
				GCC_PREPROCESSOR_DEFINITIONS = (
					"DEBUG=1",
					"$(inherited)",
				);
				GCC_WARN_64_TO_32_BIT_CONVERSION = YES;
				GCC_WARN_ABOUT_RETURN_TYPE = YES_ERROR;
				GCC_WARN_UNDECLARED_SELECTOR = YES;
				GCC_WARN_UNINITIALIZED_AUTOS = YES_AGGRESSIVE;
				GCC_WARN_UNUSED_FUNCTION = YES;
				GCC_WARN_UNUSED_VARIABLE = YES;
				IPHONEOS_DEPLOYMENT_TARGET = 9.2;
				MTL_ENABLE_DEBUG_INFO = YES;
				ONLY_ACTIVE_ARCH = YES;
				SDKROOT = iphoneos;
				SWIFT_OPTIMIZATION_LEVEL = "-Onone";
				TARGETED_DEVICE_FAMILY = "1,2";
			};
			name = Debug;
		};
		8B728FE01C6F74B10068A775 /* Release */ = {
			isa = XCBuildConfiguration;
			buildSettings = {
				ALWAYS_SEARCH_USER_PATHS = NO;
				CLANG_CXX_LANGUAGE_STANDARD = "gnu++0x";
				CLANG_CXX_LIBRARY = "libc++";
				CLANG_ENABLE_MODULES = YES;
				CLANG_ENABLE_OBJC_ARC = YES;
				CLANG_WARN_BOOL_CONVERSION = YES;
				CLANG_WARN_CONSTANT_CONVERSION = YES;
				CLANG_WARN_DIRECT_OBJC_ISA_USAGE = YES_ERROR;
				CLANG_WARN_EMPTY_BODY = YES;
				CLANG_WARN_ENUM_CONVERSION = YES;
				CLANG_WARN_INT_CONVERSION = YES;
				CLANG_WARN_OBJC_ROOT_CLASS = YES_ERROR;
				CLANG_WARN_UNREACHABLE_CODE = YES;
				CLANG_WARN__DUPLICATE_METHOD_MATCH = YES;
				"CODE_SIGN_IDENTITY[sdk=iphoneos*]" = "iPhone Developer";
				COPY_PHASE_STRIP = NO;
				DEBUG_INFORMATION_FORMAT = "dwarf-with-dsym";
				ENABLE_NS_ASSERTIONS = NO;
				ENABLE_STRICT_OBJC_MSGSEND = YES;
				GCC_C_LANGUAGE_STANDARD = gnu99;
				GCC_NO_COMMON_BLOCKS = YES;
				GCC_WARN_64_TO_32_BIT_CONVERSION = YES;
				GCC_WARN_ABOUT_RETURN_TYPE = YES_ERROR;
				GCC_WARN_UNDECLARED_SELECTOR = YES;
				GCC_WARN_UNINITIALIZED_AUTOS = YES_AGGRESSIVE;
				GCC_WARN_UNUSED_FUNCTION = YES;
				GCC_WARN_UNUSED_VARIABLE = YES;
				IPHONEOS_DEPLOYMENT_TARGET = 9.2;
				MTL_ENABLE_DEBUG_INFO = NO;
				SDKROOT = iphoneos;
				TARGETED_DEVICE_FAMILY = "1,2";
				VALIDATE_PRODUCT = YES;
			};
			name = Release;
		};
		8B728FE21C6F74B10068A775 /* Debug */ = {
			isa = XCBuildConfiguration;
			buildSettings = {
				ASSETCATALOG_COMPILER_APPICON_NAME = AppIcon;
				INFOPLIST_FILE = uploadimgtosmmstest/Info.plist;
				LD_RUNPATH_SEARCH_PATHS = "$(inherited) @executable_path/Frameworks";
				PRODUCT_BUNDLE_IDENTIFIER = org.nyaacat.nyaacatapp.uploadimgtosmmstest;
				PRODUCT_NAME = "$(TARGET_NAME)";
			};
			name = Debug;
		};
		8B728FE31C6F74B10068A775 /* Release */ = {
			isa = XCBuildConfiguration;
			buildSettings = {
				ASSETCATALOG_COMPILER_APPICON_NAME = AppIcon;
				INFOPLIST_FILE = uploadimgtosmmstest/Info.plist;
				LD_RUNPATH_SEARCH_PATHS = "$(inherited) @executable_path/Frameworks";
				PRODUCT_BUNDLE_IDENTIFIER = org.nyaacat.nyaacatapp.uploadimgtosmmstest;
				PRODUCT_NAME = "$(TARGET_NAME)";
			};
			name = Release;
		};
		8B728FE51C6F74B10068A775 /* Debug */ = {
			isa = XCBuildConfiguration;
			buildSettings = {
				BUNDLE_LOADER = "$(TEST_HOST)";
				INFOPLIST_FILE = uploadimgtosmmstestTests/Info.plist;
				LD_RUNPATH_SEARCH_PATHS = "$(inherited) @executable_path/Frameworks @loader_path/Frameworks";
				PRODUCT_BUNDLE_IDENTIFIER = org.nyaacat.nyaacatapp.uploadimgtosmmstestTests;
				PRODUCT_NAME = "$(TARGET_NAME)";
				TEST_HOST = "$(BUILT_PRODUCTS_DIR)/uploadimgtosmmstest.app/uploadimgtosmmstest";
			};
			name = Debug;
		};
		8B728FE61C6F74B10068A775 /* Release */ = {
			isa = XCBuildConfiguration;
			buildSettings = {
				BUNDLE_LOADER = "$(TEST_HOST)";
				INFOPLIST_FILE = uploadimgtosmmstestTests/Info.plist;
				LD_RUNPATH_SEARCH_PATHS = "$(inherited) @executable_path/Frameworks @loader_path/Frameworks";
				PRODUCT_BUNDLE_IDENTIFIER = org.nyaacat.nyaacatapp.uploadimgtosmmstestTests;
				PRODUCT_NAME = "$(TARGET_NAME)";
				TEST_HOST = "$(BUILT_PRODUCTS_DIR)/uploadimgtosmmstest.app/uploadimgtosmmstest";
			};
			name = Release;
		};
		8B728FE81C6F74B10068A775 /* Debug */ = {
			isa = XCBuildConfiguration;
			buildSettings = {
				INFOPLIST_FILE = uploadimgtosmmstestUITests/Info.plist;
				LD_RUNPATH_SEARCH_PATHS = "$(inherited) @executable_path/Frameworks @loader_path/Frameworks";
				PRODUCT_BUNDLE_IDENTIFIER = org.nyaacat.nyaacatapp.uploadimgtosmmstestUITests;
				PRODUCT_NAME = "$(TARGET_NAME)";
				TEST_TARGET_NAME = uploadimgtosmmstest;
				USES_XCTRUNNER = YES;
			};
			name = Debug;
		};
		8B728FE91C6F74B10068A775 /* Release */ = {
			isa = XCBuildConfiguration;
			buildSettings = {
				INFOPLIST_FILE = uploadimgtosmmstestUITests/Info.plist;
				LD_RUNPATH_SEARCH_PATHS = "$(inherited) @executable_path/Frameworks @loader_path/Frameworks";
				PRODUCT_BUNDLE_IDENTIFIER = org.nyaacat.nyaacatapp.uploadimgtosmmstestUITests;
				PRODUCT_NAME = "$(TARGET_NAME)";
				TEST_TARGET_NAME = uploadimgtosmmstest;
				USES_XCTRUNNER = YES;
			};
			name = Release;
		};
/* End XCBuildConfiguration section */

/* Begin XCConfigurationList section */
		8B728FB41C6F74B00068A775 /* Build configuration list for PBXProject "uploadimgtosmmstest" */ = {
			isa = XCConfigurationList;
			buildConfigurations = (
				8B728FDF1C6F74B10068A775 /* Debug */,
				8B728FE01C6F74B10068A775 /* Release */,
			);
			defaultConfigurationIsVisible = 0;
			defaultConfigurationName = Release;
		};
		8B728FE11C6F74B10068A775 /* Build configuration list for PBXNativeTarget "uploadimgtosmmstest" */ = {
			isa = XCConfigurationList;
			buildConfigurations = (
				8B728FE21C6F74B10068A775 /* Debug */,
				8B728FE31C6F74B10068A775 /* Release */,
			);
			defaultConfigurationIsVisible = 0;
		};
		8B728FE41C6F74B10068A775 /* Build configuration list for PBXNativeTarget "uploadimgtosmmstestTests" */ = {
			isa = XCConfigurationList;
			buildConfigurations = (
				8B728FE51C6F74B10068A775 /* Debug */,
				8B728FE61C6F74B10068A775 /* Release */,
			);
			defaultConfigurationIsVisible = 0;
		};
		8B728FE71C6F74B10068A775 /* Build configuration list for PBXNativeTarget "uploadimgtosmmstestUITests" */ = {
			isa = XCConfigurationList;
			buildConfigurations = (
				8B728FE81C6F74B10068A775 /* Debug */,
				8B728FE91C6F74B10068A775 /* Release */,
			);
			defaultConfigurationIsVisible = 0;
		};
/* End XCConfigurationList section */
	};
	rootObject = 8B728FB11C6F74B00068A775 /* Project object */;
}
